
Microsoft Visual Studio Solution File, Format Version 12.00
# Visual Studio Version 17
VisualStudioVersion = 17.0.31903.59
MinimumVisualStudioVersion = 10.0.40219.1
Project("{FAE04EC0-301F-11D3-BF4B-00C04F79EFBC}") = "Lab5", "Lab5.csproj", "{1EEA5AE8-C642-46B7-A17B-13E59E736B53}"
EndProject
Global
	GlobalSection(SolutionConfigurationPlatforms) = preSolution
		Debug|Any CPU = Debug|Any CPU
		Release|Any CPU = Release|Any CPU
	EndGlobalSection
	GlobalSection(ProjectConfigurationPlatforms) = postSolution
		{1EEA5AE8-C642-46B7-A17B-13E59E736B53}.Debug|Any CPU.ActiveCfg = Debug|Any CPU
		{1EEA5AE8-C642-46B7-A17B-13E59E736B53}.Debug|Any CPU.Build.0 = Debug|Any CPU
		{1EEA5AE8-C642-46B7-A17B-13E59E736B53}.Release|Any CPU.ActiveCfg = Release|Any CPU
		{1EEA5AE8-C642-46B7-A17B-13E59E736B53}.Release|Any CPU.Build.0 = Release|Any CPU
	EndGlobalSection
	GlobalSection(SolutionProperties) = preSolution
		HideSolutionNode = FALSE
	EndGlobalSection
	GlobalSection(ExtensibilityGlobals) = postSolution
		SolutionGuid = {E4F72729-1E89-4D09-BFD4-1C21663E14BD}
	EndGlobalSection
EndGlobal
